Microsoft Visual Studio Solution File, Format Version 12.00
# Visual Studio Version 17
VisualStudioVersion = 17.5.2.0
MinimumVisualStudioVersion = 10.0.40219.1
Project("{FAE04EC0-301F-11D3-BF4B-00C04F79EFBC}") = "CapacitacionBG", "CapacitacionBG.csproj", "{73658ABB-1F24-85FE-F258-3546DCCE3117}"
EndProject
Global
	GlobalSection(SolutionConfigurationPlatforms) = preSolution
		Debug|Any CPU = Debug|Any CPU
		Release|Any CPU = Release|Any CPU
	EndGlobalSection
	GlobalSection(ProjectConfigurationPlatforms) = postSolution
		{73658ABB-1F24-85FE-F258-3546DCCE3117}.Debug|Any CPU.ActiveCfg = Debug|Any CPU
		{73658ABB-1F24-85FE-F258-3546DCCE3117}.Debug|Any CPU.Build.0 = Debug|Any CPU
		{73658ABB-1F24-85FE-F258-3546DCCE3117}.Release|Any CPU.ActiveCfg = Release|Any CPU
		{73658ABB-1F24-85FE-F258-3546DCCE3117}.Release|Any CPU.Build.0 = Release|Any CPU
	EndGlobalSection
	GlobalSection(SolutionProperties) = preSolution
		HideSolutionNode = FALSE
	EndGlobalSection
	GlobalSection(ExtensibilityGlobals) = postSolution
		SolutionGuid = {7387F84B-8B56-4976-BB5A-6507DCB4BED9}
	EndGlobalSection
EndGlobal
